{
  "name": "spatial-audio-api-example-getajwt",
  "version": "1.0.0",
  "lockfileVersion": 2,
  "requires": true,
  "packages": {
    "": {
      "name": "spatial-audio-api-example-getajwt",
      "version": "1.0.0",
      "license": "MIT",
      "dependencies": {
        "hifi-spatial-audio": "^0.7.5",
        "jose": "^3.6.1"
      }
    },
    "node_modules/domexception": {
      "version": "1.0.1",
      "resolved": "https://registry.npmjs.org/domexception/-/domexception-1.0.1.tgz",
      "integrity": "sha512-raigMkn7CJNNo6Ihro1fzG7wr3fHuYVytzquZKX5n0yizGsTcYgzdIUwj1X9pK0VvjeihV+XiclP+DjwbsSKug==",
      "optional": true,
      "dependencies": {
        "webidl-conversions": "^4.0.2"
      }
    },
    "node_modules/esm": {
      "version": "3.2.25",
      "resolved": "https://registry.npmjs.org/esm/-/esm-3.2.25.tgz",
      "integrity": "sha512-U1suiZ2oDVWv4zPO56S0NcR5QriEahGtdN2OR6FiOG4WJvcjBVFB0qI4+eKoWFH483PKGuLuu6V8Z4T5g63UVA==",
      "engines": {
        "node": ">=6"
      }
    },
    "node_modules/hifi-spatial-audio": {
      "version": "0.7.5",
      "resolved": "https://registry.npmjs.org/hifi-spatial-audio/-/hifi-spatial-audio-0.7.5.tgz",
      "integrity": "sha512-4jTjd0YgpXnd+/RGv+q2KxLp60OWQcVPfKk0HfGeH18sKd1nWBQMfunL9SZfG7SPLSY1DFBYLCPvCExmWFRQ6w==",
      "dependencies": {
        "esm": "^3.2.25",
        "pako": "^2.0.3",
        "wrtc": "^0.4.7",
        "ws": "^7.4.2"
      }
    },
    "node_modules/jose": {
      "version": "3.6.1",
      "resolved": "https://registry.npmjs.org/jose/-/jose-3.6.1.tgz",
      "integrity": "sha512-AZ+dcXaYbX79uvqedXl7QMDkhpQBVXFezLRP734phyVw8EEcnwRIsOMLw4JAMJ+7Iyhv5Eb7isQUEZvqCCk6vA==",
      "funding": {
        "url": "https://github.com/sponsors/panva"
      }
    },
    "node_modules/pako": {
      "version": "2.0.3",
      "resolved": "https://registry.npmjs.org/pako/-/pako-2.0.3.tgz",
      "integrity": "sha512-WjR1hOeg+kki3ZIOjaf4b5WVcay1jaliKSYiEaB1XzwhMQZJxRdQRv0V31EKBYlxb4T7SK3hjfc/jxyU64BoSw=="
    },
    "node_modules/webidl-conversions": {
      "version": "4.0.2",
      "resolved": "https://registry.npmjs.org/webidl-conversions/-/webidl-conversions-4.0.2.tgz",
      "integrity": "sha512-YQ+BmxuTgd6UXZW3+ICGfyqRyHXVlD5GtQr5+qjiNW7bF0cqrzX500HVXPBOvgXb5YnzDd+h0zqyv61KUD7+Sg==",
      "optional": true
    },
    "node_modules/wrtc": {
      "version": "0.4.7",
      "resolved": "https://registry.npmjs.org/wrtc/-/wrtc-0.4.7.tgz",
      "integrity": "sha512-P6Hn7VT4lfSH49HxLHcHhDq+aFf/jd9dPY7lDHeFhZ22N3858EKuwm2jmnlPzpsRGEPaoF6XwkcxY5SYnt4f/g==",
      "bundleDependencies": [
        "node-pre-gyp"
      ],
      "hasInstallScript": true,
      "dependencies": {
        "domexception": "^1.0.1",
        "node-pre-gyp": "^0.13.0"
      },
      "engines": {
        "node": "^8.11.2 || >=10.0.0"
      },
      "optionalDependencies": {
        "domexception": "^1.0.1"
      }
    },
    "node_modules/ws": {
      "version": "7.4.3",
      "resolved": "https://registry.npmjs.org/ws/-/ws-7.4.3.tgz",
      "integrity": "sha512-hr6vCR76GsossIRsr8OLR9acVVm1jyfEWvhbNjtgPOrfvAlKzvyeg/P6r8RuDjRyrcQoPQT7K0DGEPc7Ae6jzA==",
      "engines": {
        "node": ">=8.3.0"
      },
      "peerDependencies": {
        "bufferutil": "^4.0.1",
        "utf-8-validate": "^5.0.2"
      },
      "peerDependenciesMeta": {
        "bufferutil": {
          "optional": true
        },
        "utf-8-validate": {
          "optional": true
        }
      }
    }
  },
  "dependencies": {
    "domexception": {
      "version": "1.0.1",
      "resolved": "https://registry.npmjs.org/domexception/-/domexception-1.0.1.tgz",
      "integrity": "sha512-raigMkn7CJNNo6Ihro1fzG7wr3fHuYVytzquZKX5n0yizGsTcYgzdIUwj1X9pK0VvjeihV+XiclP+DjwbsSKug==",
      "optional": true,
      "requires": {
        "webidl-conversions": "^4.0.2"
      }
    },
    "esm": {
      "version": "3.2.25",
      "resolved": "https://registry.npmjs.org/esm/-/esm-3.2.25.tgz",
      "integrity": "sha512-U1suiZ2oDVWv4zPO56S0NcR5QriEahGtdN2OR6FiOG4WJvcjBVFB0qI4+eKoWFH483PKGuLuu6V8Z4T5g63UVA=="
    },
    "hifi-spatial-audio": {
      "version": "0.7.5",
      "resolved": "https://registry.npmjs.org/hifi-spatial-audio/-/hifi-spatial-audio-0.7.5.tgz",
      "integrity": "sha512-4jTjd0YgpXnd+/RGv+q2KxLp60OWQcVPfKk0HfGeH18sKd1nWBQMfunL9SZfG7SPLSY1DFBYLCPvCExmWFRQ6w==",
      "requires": {
        "esm": "^3.2.25",
        "pako": "^2.0.3",
        "wrtc": "^0.4.7",
        "ws": "^7.4.2"
      }
    },
    "jose": {
      "version": "3.6.1",
      "resolved": "https://registry.npmjs.org/jose/-/jose-3.6.1.tgz",
      "integrity": "sha512-AZ+dcXaYbX79uvqedXl7QMDkhpQBVXFezLRP734phyVw8EEcnwRIsOMLw4JAMJ+7Iyhv5Eb7isQUEZvqCCk6vA=="
    },
    "pako": {
      "version": "2.0.3",
      "resolved": "https://registry.npmjs.org/pako/-/pako-2.0.3.tgz",
      "integrity": "sha512-WjR1hOeg+kki3ZIOjaf4b5WVcay1jaliKSYiEaB1XzwhMQZJxRdQRv0V31EKBYlxb4T7SK3hjfc/jxyU64BoSw=="
    },
    "webidl-conversions": {
      "version": "4.0.2",
      "resolved": "https://registry.npmjs.org/webidl-conversions/-/webidl-conversions-4.0.2.tgz",
      "integrity": "sha512-YQ+BmxuTgd6UXZW3+ICGfyqRyHXVlD5GtQr5+qjiNW7bF0cqrzX500HVXPBOvgXb5YnzDd+h0zqyv61KUD7+Sg==",
      "optional": true
    },
    "wrtc": {
      "version": "0.4.7",
      "resolved": "https://registry.npmjs.org/wrtc/-/wrtc-0.4.7.tgz",
      "integrity": "sha512-P6Hn7VT4lfSH49HxLHcHhDq+aFf/jd9dPY7lDHeFhZ22N3858EKuwm2jmnlPzpsRGEPaoF6XwkcxY5SYnt4f/g==",
      "requires": {
        "domexception": "^1.0.1",
        "node-pre-gyp": "^0.13.0"
      }
    },
    "ws": {
      "version": "7.4.3",
      "resolved": "https://registry.npmjs.org/ws/-/ws-7.4.3.tgz",
      "integrity": "sha512-hr6vCR76GsossIRsr8OLR9acVVm1jyfEWvhbNjtgPOrfvAlKzvyeg/P6r8RuDjRyrcQoPQT7K0DGEPc7Ae6jzA==",
      "requires": {}
    }
  }
}
